
Microsoft Visual Studio Solution File, Format Version 12.00
# Visual Studio Version 17
VisualStudioVersion = 17.5.002.0
MinimumVisualStudioVersion = 10.0.40219.1
Project("{9A19103F-16F7-4668-BE54-9A1E7A4F7556}") = "Lesson1", "Lesson1\Lesson1.csproj", "{F5E0665D-7701-46B2-8FD1-8B1620A3E6A8}"
EndProject
Project("{9A19103F-16F7-4668-BE54-9A1E7A4F7556}") = "Lesson2", "Lesson2\Lesson2.csproj", "{DEDFC275-E480-4E10-9ACA-362CC275A637}"
EndProject
Project("{9A19103F-16F7-4668-BE54-9A1E7A4F7556}") = "Lesson3", "Lesson3\Lesson3.csproj", "{D4FAF2E9-DEFA-4D3E-B0F9-0632D4B2966B}"
EndProject
Global
	GlobalSection(SolutionConfigurationPlatforms) = preSolution
		Debug|Any CPU = Debug|Any CPU
		Release|Any CPU = Release|Any CPU
	EndGlobalSection
	GlobalSection(ProjectConfigurationPlatforms) = postSolution
		{F5E0665D-7701-46B2-8FD1-8B1620A3E6A8}.Debug|Any CPU.ActiveCfg = Debug|Any CPU
		{F5E0665D-7701-46B2-8FD1-8B1620A3E6A8}.Debug|Any CPU.Build.0 = Debug|Any CPU
		{F5E0665D-7701-46B2-8FD1-8B1620A3E6A8}.Release|Any CPU.ActiveCfg = Release|Any CPU
		{F5E0665D-7701-46B2-8FD1-8B1620A3E6A8}.Release|Any CPU.Build.0 = Release|Any CPU
		{DEDFC275-E480-4E10-9ACA-362CC275A637}.Debug|Any CPU.ActiveCfg = Debug|Any CPU
		{DEDFC275-E480-4E10-9ACA-362CC275A637}.Debug|Any CPU.Build.0 = Debug|Any CPU
		{DEDFC275-E480-4E10-9ACA-362CC275A637}.Release|Any CPU.ActiveCfg = Release|Any CPU
		{DEDFC275-E480-4E10-9ACA-362CC275A637}.Release|Any CPU.Build.0 = Release|Any CPU
		{D4FAF2E9-DEFA-4D3E-B0F9-0632D4B2966B}.Debug|Any CPU.ActiveCfg = Debug|Any CPU
		{D4FAF2E9-DEFA-4D3E-B0F9-0632D4B2966B}.Debug|Any CPU.Build.0 = Debug|Any CPU
		{D4FAF2E9-DEFA-4D3E-B0F9-0632D4B2966B}.Release|Any CPU.ActiveCfg = Release|Any CPU
		{D4FAF2E9-DEFA-4D3E-B0F9-0632D4B2966B}.Release|Any CPU.Build.0 = Release|Any CPU
	EndGlobalSection
	GlobalSection(SolutionProperties) = preSolution
		HideSolutionNode = FALSE
	EndGlobalSection
	GlobalSection(ExtensibilityGlobals) = postSolution
		SolutionGuid = {C3752A2F-C7B5-4590-B42E-9975A8BCD44B}
	EndGlobalSection
EndGlobal
